// !$*UTF8*$!
{
	archiveVersion = 1;
	classes = {
	};
	objectVersion = 55;
	objects = {

/* Begin PBXBuildFile section */
		025CAB9E28490F18005A43B6 /* AppDelegate.swift in Sources */ = {isa = PBXBuildFile; fileRef = 025CAB9D28490F18005A43B6 /* AppDelegate.swift */; };
		025CABA028490F18005A43B6 /* SceneDelegate.swift in Sources */ = {isa = PBXBuildFile; fileRef = 025CAB9F28490F18005A43B6 /* SceneDelegate.swift */; };
		025CABA728490F19005A43B6 /* Assets.xcassets in Resources */ = {isa = PBXBuildFile; fileRef = 025CABA628490F19005A43B6 /* Assets.xcassets */; };
		025CABAA28490F19005A43B6 /* LaunchScreen.storyboard in Resources */ = {isa = PBXBuildFile; fileRef = 025CABA828490F19005A43B6 /* LaunchScreen.storyboard */; };
		025CABB6284913F3005A43B6 /* mobilenetSpeechSpeBig.mlmodel in Sources */ = {isa = PBXBuildFile; fileRef = 025CABB5284913F3005A43B6 /* mobilenetSpeechSpeBig.mlmodel */; };
		025CABB8284913FC005A43B6 /* mobilenetSpeechSpeSmall.mlmodel in Sources */ = {isa = PBXBuildFile; fileRef = 025CABB7284913FC005A43B6 /* mobilenetSpeechSpeSmall.mlmodel */; };
		025CABBA28491406005A43B6 /* label.json in Resources */ = {isa = PBXBuildFile; fileRef = 025CABB928491406005A43B6 /* label.json */; };
		025CABBC28491415005A43B6 /* FirstScene.swift in Sources */ = {isa = PBXBuildFile; fileRef = 025CABBB28491415005A43B6 /* FirstScene.swift */; };
		025CABBE28491418005A43B6 /* Cell.swift in Sources */ = {isa = PBXBuildFile; fileRef = 025CABBD28491418005A43B6 /* Cell.swift */; };
		025CABC02849195F005A43B6 /* SecondScene.swift in Sources */ = {isa = PBXBuildFile; fileRef = 025CABBF2849195F005A43B6 /* SecondScene.swift */; };
		02DE7DEB284D1CDB00F44D57 /* ThirdScene.swift in Sources */ = {isa = PBXBuildFile; fileRef = 02DE7DEA284D1CDB00F44D57 /* ThirdScene.swift */; };
		FAE21D4808656020B9BB69BA /* Pods_SpeechRecognitionNavigationController.framework in Frameworks */ = {isa = PBXBuildFile; fileRef = 68FF88B21830D1F2982A7BEF /* Pods_SpeechRecognitionNavigationController.framework */; };
/* End PBXBuildFile section */

/* Begin PBXFileReference section */
		025CAB9A28490F18005A43B6 /* SpeechRecognitionNavigationController.app */ = {isa = PBXFileReference; explicitFileType = wrapper.application; includeInIndex = 0; path = SpeechRecognitionNavigationController.app; sourceTree = BUILT_PRODUCTS_DIR; };
		025CAB9D28490F18005A43B6 /* AppDelegate.swift */ = {isa = PBXFileReference; lastKnownFileType = sourcecode.swift; path = AppDelegate.swift; sourceTree = "<group>"; };
		025CAB9F28490F18005A43B6 /* SceneDelegate.swift */ = {isa = PBXFileReference; lastKnownFileType = sourcecode.swift; path = SceneDelegate.swift; sourceTree = "<group>"; };
		025CABA628490F19005A43B6 /* Assets.xcassets */ = {isa = PBXFileReference; lastKnownFileType = folder.assetcatalog; path = Assets.xcassets; sourceTree = "<group>"; };
		025CABA928490F19005A43B6 /* Base */ = {isa = PBXFileReference; lastKnownFileType = file.storyboard; name = Base; path = Base.lproj/LaunchScreen.storyboard; sourceTree = "<group>"; };
		025CABAB28490F19005A43B6 /* Info.plist */ = {isa = PBXFileReference; lastKnownFileType = text.plist.xml; path = Info.plist; sourceTree = "<group>"; };
		025CABB5284913F3005A43B6 /* mobilenetSpeechSpeBig.mlmodel */ = {isa = PBXFileReference; lastKnownFileType = file.mlmodel; path = mobilenetSpeechSpeBig.mlmodel; sourceTree = "<group>"; };
		025CABB7284913FC005A43B6 /* mobilenetSpeechSpeSmall.mlmodel */ = {isa = PBXFileReference; lastKnownFileType = file.mlmodel; path = mobilenetSpeechSpeSmall.mlmodel; sourceTree = "<group>"; };
		025CABB928491406005A43B6 /* label.json */ = {isa = PBXFileReference; fileEncoding = 4; lastKnownFileType = text.json; path = label.json; sourceTree = "<group>"; };
		025CABBB28491415005A43B6 /* FirstScene.swift */ = {isa = PBXFileReference; fileEncoding = 4; lastKnownFileType = sourcecode.swift; path = FirstScene.swift; sourceTree = "<group>"; };
		025CABBD28491418005A43B6 /* Cell.swift */ = {isa = PBXFileReference; fileEncoding = 4; lastKnownFileType = sourcecode.swift; path = Cell.swift; sourceTree = "<group>"; };
		025CABBF2849195F005A43B6 /* SecondScene.swift */ = {isa = PBXFileReference; lastKnownFileType = sourcecode.swift; path = SecondScene.swift; sourceTree = "<group>"; };
		02DE7DEA284D1CDB00F44D57 /* ThirdScene.swift */ = {isa = PBXFileReference; lastKnownFileType = sourcecode.swift; path = ThirdScene.swift; sourceTree = "<group>"; };
		68FF88B21830D1F2982A7BEF /* Pods_SpeechRecognitionNavigationController.framework */ = {isa = PBXFileReference; explicitFileType = wrapper.framework; includeInIndex = 0; path = Pods_SpeechRecognitionNavigationController.framework; sourceTree = BUILT_PRODUCTS_DIR; };
		8238F2E132B7FC501BAD2DA9 /* Pods-SpeechRecognitionNavigationController.release.xcconfig */ = {isa = PBXFileReference; includeInIndex = 1; lastKnownFileType = text.xcconfig; name = "Pods-SpeechRecognitionNavigationController.release.xcconfig"; path = "Target Support Files/Pods-SpeechRecognitionNavigationController/Pods-SpeechRecognitionNavigationController.release.xcconfig"; sourceTree = "<group>"; };
		C2EC03E563599569630141C7 /* Pods-SpeechRecognitionNavigationController.debug.xcconfig */ = {isa = PBXFileReference; includeInIndex = 1; lastKnownFileType = text.xcconfig; name = "Pods-SpeechRecognitionNavigationController.debug.xcconfig"; path = "Target Support Files/Pods-SpeechRecognitionNavigationController/Pods-SpeechRecognitionNavigationController.debug.xcconfig"; sourceTree = "<group>"; };
/* End PBXFileReference section */

/* Begin PBXFrameworksBuildPhase section */
		025CAB9728490F18005A43B6 /* Frameworks */ = {
			isa = PBXFrameworksBuildPhase;
			buildActionMask = 2147483647;
			files = (
				FAE21D4808656020B9BB69BA /* Pods_SpeechRecognitionNavigationController.framework in Frameworks */,
			);
			runOnlyForDeploymentPostprocessing = 0;
		};
/* End PBXFrameworksBuildPhase section */

/* Begin PBXGroup section */
		025CAB9128490F18005A43B6 = {
			isa = PBXGroup;
			children = (
				025CABB4284913EA005A43B6 /* MLModel */,
				025CAB9C28490F18005A43B6 /* SpeechRecognitionNavigationController */,
				025CAB9B28490F18005A43B6 /* Products */,
				F0C1D48D9C7E886DB3389C59 /* Pods */,
				D767064A4B52EE4D94A70FE9 /* Frameworks */,
			);
			sourceTree = "<group>";
		};
		025CAB9B28490F18005A43B6 /* Products */ = {
			isa = PBXGroup;
			children = (
				025CAB9A28490F18005A43B6 /* SpeechRecognitionNavigationController.app */,
			);
			name = Products;
			sourceTree = "<group>";
		};
		025CAB9C28490F18005A43B6 /* SpeechRecognitionNavigationController */ = {
			isa = PBXGroup;
			children = (
				025CAB9D28490F18005A43B6 /* AppDelegate.swift */,
				025CAB9F28490F18005A43B6 /* SceneDelegate.swift */,
				025CABBD28491418005A43B6 /* Cell.swift */,
				025CABBB28491415005A43B6 /* FirstScene.swift */,
				025CABBF2849195F005A43B6 /* SecondScene.swift */,
				02DE7DEA284D1CDB00F44D57 /* ThirdScene.swift */,
				025CABA628490F19005A43B6 /* Assets.xcassets */,
				025CABA828490F19005A43B6 /* LaunchScreen.storyboard */,
				025CABAB28490F19005A43B6 /* Info.plist */,
			);
			path = SpeechRecognitionNavigationController;
			sourceTree = "<group>";
		};
		025CABB4284913EA005A43B6 /* MLModel */ = {
			isa = PBXGroup;
			children = (
				025CABB5284913F3005A43B6 /* mobilenetSpeechSpeBig.mlmodel */,
				025CABB7284913FC005A43B6 /* mobilenetSpeechSpeSmall.mlmodel */,
				025CABB928491406005A43B6 /* label.json */,
			);
			path = MLModel;
			sourceTree = "<group>";
		};
		D767064A4B52EE4D94A70FE9 /* Frameworks */ = {
			isa = PBXGroup;
			children = (
				68FF88B21830D1F2982A7BEF /* Pods_SpeechRecognitionNavigationController.framework */,
			);
			name = Frameworks;
			sourceTree = "<group>";
		};
		F0C1D48D9C7E886DB3389C59 /* Pods */ = {
			isa = PBXGroup;
			children = (
				C2EC03E563599569630141C7 /* Pods-SpeechRecognitionNavigationController.debug.xcconfig */,
				8238F2E132B7FC501BAD2DA9 /* Pods-SpeechRecognitionNavigationController.release.xcconfig */,
			);
			path = Pods;
			sourceTree = "<group>";
		};
/* End PBXGroup section */

/* Begin PBXNativeTarget section */
		025CAB9928490F18005A43B6 /* SpeechRecognitionNavigationController */ = {
			isa = PBXNativeTarget;
			buildConfigurationList = 025CABAE28490F19005A43B6 /* Build configuration list for PBXNativeTarget "SpeechRecognitionNavigationController" */;
			buildPhases = (
				2EF2CB9E8EAAAA1DE6A585CD /* [CP] Check Pods Manifest.lock */,
				025CAB9628490F18005A43B6 /* Sources */,
				025CAB9728490F18005A43B6 /* Frameworks */,
				025CAB9828490F18005A43B6 /* Resources */,
				686BE5EEDDDC68D10F556F56 /* [CP] Embed Pods Frameworks */,
			);
			buildRules = (
			);
			dependencies = (
			);
			name = SpeechRecognitionNavigationController;
			productName = SpeechRecognitionNavigationController;
			productReference = 025CAB9A28490F18005A43B6 /* SpeechRecognitionNavigationController.app */;
			productType = "com.apple.product-type.application";
		};
/* End PBXNativeTarget section */

/* Begin PBXProject section */
		025CAB9228490F18005A43B6 /* Project object */ = {
			isa = PBXProject;
			attributes = {
				BuildIndependentTargetsInParallel = 1;
				LastSwiftUpdateCheck = 1340;
				LastUpgradeCheck = 1340;
				TargetAttributes = {
					025CAB9928490F18005A43B6 = {
						CreatedOnToolsVersion = 13.4;
					};
				};
			};
			buildConfigurationList = 025CAB9528490F18005A43B6 /* Build configuration list for PBXProject "SpeechRecognitionNavigationController" */;
			compatibilityVersion = "Xcode 13.0";
			developmentRegion = en;
			hasScannedForEncodings = 0;
			knownRegions = (
				en,
				Base,
			);
			mainGroup = 025CAB9128490F18005A43B6;
			productRefGroup = 025CAB9B28490F18005A43B6 /* Products */;
			projectDirPath = "";
			projectRoot = "";
			targets = (
				025CAB9928490F18005A43B6 /* SpeechRecognitionNavigationController */,
			);
		};
/* End PBXProject section */

/* Begin PBXResourcesBuildPhase section */
		025CAB9828490F18005A43B6 /* Resources */ = {
			isa = PBXResourcesBuildPhase;
			buildActionMask = 2147483647;
			files = (
				025CABAA28490F19005A43B6 /* LaunchScreen.storyboard in Resources */,
				025CABA728490F19005A43B6 /* Assets.xcassets in Resources */,
				025CABBA28491406005A43B6 /* label.json in Resources */,
			);
			runOnlyForDeploymentPostprocessing = 0;
		};
/* End PBXResourcesBuildPhase section */

/* Begin PBXShellScriptBuildPhase section */
		2EF2CB9E8EAAAA1DE6A585CD /* [CP] Check Pods Manifest.lock */ = {
			isa = PBXShellScriptBuildPhase;
			buildActionMask = 2147483647;
			files = (
			);
			inputFileListPaths = (
			);
			inputPaths = (
				"${PODS_PODFILE_DIR_PATH}/Podfile.lock",
				"${PODS_ROOT}/Manifest.lock",
			);
			name = "[CP] Check Pods Manifest.lock";
			outputFileListPaths = (
			);
			outputPaths = (
				"$(DERIVED_FILE_DIR)/Pods-SpeechRecognitionNavigationController-checkManifestLockResult.txt",
			);
			runOnlyForDeploymentPostprocessing = 0;
			shellPath = /bin/sh;
			shellScript = "diff \"${PODS_PODFILE_DIR_PATH}/Podfile.lock\" \"${PODS_ROOT}/Manifest.lock\" > /dev/null\nif [ $? != 0 ] ; then\n    # print error to STDERR\n    echo \"error: The sandbox is not in sync with the Podfile.lock. Run 'pod install' or update your CocoaPods installation.\" >&2\n    exit 1\nfi\n# This output is used by Xcode 'outputs' to avoid re-running this script phase.\necho \"SUCCESS\" > \"${SCRIPT_OUTPUT_FILE_0}\"\n";
			showEnvVarsInLog = 0;
		};
		686BE5EEDDDC68D10F556F56 /* [CP] Embed Pods Frameworks */ = {
			isa = PBXShellScriptBuildPhase;
			buildActionMask = 2147483647;
			files = (
			);
			inputFileListPaths = (
				"${PODS_ROOT}/Target Support Files/Pods-SpeechRecognitionNavigationController/Pods-SpeechRecognitionNavigationController-frameworks-${CONFIGURATION}-input-files.xcfilelist",
			);
			name = "[CP] Embed Pods Frameworks";
			outputFileListPaths = (
				"${PODS_ROOT}/Target Support Files/Pods-SpeechRecognitionNavigationController/Pods-SpeechRecognitionNavigationController-frameworks-${CONFIGURATION}-output-files.xcfilelist",
			);
			runOnlyForDeploymentPostprocessing = 0;
			shellPath = /bin/sh;
			shellScript = "\"${PODS_ROOT}/Target Support Files/Pods-SpeechRecognitionNavigationController/Pods-SpeechRecognitionNavigationController-frameworks.sh\"\n";
			showEnvVarsInLog = 0;
		};
/* End PBXShellScriptBuildPhase section */

/* Begin PBXSourcesBuildPhase section */
		025CAB9628490F18005A43B6 /* Sources */ = {
			isa = PBXSourcesBuildPhase;
			buildActionMask = 2147483647;
			files = (
				025CAB9E28490F18005A43B6 /* AppDelegate.swift in Sources */,
				025CABBC28491415005A43B6 /* FirstScene.swift in Sources */,
				025CABBE28491418005A43B6 /* Cell.swift in Sources */,
				025CABB6284913F3005A43B6 /* mobilenetSpeechSpeBig.mlmodel in Sources */,
				02DE7DEB284D1CDB00F44D57 /* ThirdScene.swift in Sources */,
				025CABA028490F18005A43B6 /* SceneDelegate.swift in Sources */,
				025CABB8284913FC005A43B6 /* mobilenetSpeechSpeSmall.mlmodel in Sources */,
				025CABC02849195F005A43B6 /* SecondScene.swift in Sources */,
			);
			runOnlyForDeploymentPostprocessing = 0;
		};
/* End PBXSourcesBuildPhase section */

/* Begin PBXVariantGroup section */
		025CABA828490F19005A43B6 /* LaunchScreen.storyboard */ = {
			isa = PBXVariantGroup;
			children = (
				025CABA928490F19005A43B6 /* Base */,
			);
			name = LaunchScreen.storyboard;
			sourceTree = "<group>";
		};
/* End PBXVariantGroup section */

/* Begin XCBuildConfiguration section */
		025CABAC28490F19005A43B6 /* Debug */ = {
			isa = XCBuildConfiguration;
			buildSettings = {
				ALWAYS_SEARCH_USER_PATHS = NO;
				CLANG_ANALYZER_NONNULL = YES;
				CLANG_ANALYZER_NUMBER_OBJECT_CONVERSION = YES_AGGRESSIVE;
				CLANG_CXX_LANGUAGE_STANDARD = "gnu++17";
				CLANG_ENABLE_MODULES = YES;
				CLANG_ENABLE_OBJC_ARC = YES;
				CLANG_ENABLE_OBJC_WEAK = YES;
				CLANG_WARN_BLOCK_CAPTURE_AUTORELEASING = YES;
				CLANG_WARN_BOOL_CONVERSION = YES;
				CLANG_WARN_COMMA = YES;
				CLANG_WARN_CONSTANT_CONVERSION = YES;
				CLANG_WARN_DEPRECATED_OBJC_IMPLEMENTATIONS = YES;
				CLANG_WARN_DIRECT_OBJC_ISA_USAGE = YES_ERROR;
				CLANG_WARN_DOCUMENTATION_COMMENTS = YES;
				CLANG_WARN_EMPTY_BODY = YES;
				CLANG_WARN_ENUM_CONVERSION = YES;
				CLANG_WARN_INFINITE_RECURSION = YES;
				CLANG_WARN_INT_CONVERSION = YES;
				CLANG_WARN_NON_LITERAL_NULL_CONVERSION = YES;
				CLANG_WARN_OBJC_IMPLICIT_RETAIN_SELF = YES;
				CLANG_WARN_OBJC_LITERAL_CONVERSION = YES;
				CLANG_WARN_OBJC_ROOT_CLASS = YES_ERROR;
				CLANG_WARN_QUOTED_INCLUDE_IN_FRAMEWORK_HEADER = YES;
				CLANG_WARN_RANGE_LOOP_ANALYSIS = YES;
				CLANG_WARN_STRICT_PROTOTYPES = YES;
				CLANG_WARN_SUSPICIOUS_MOVE = YES;
				CLANG_WARN_UNGUARDED_AVAILABILITY = YES_AGGRESSIVE;
				CLANG_WARN_UNREACHABLE_CODE = YES;
				CLANG_WARN__DUPLICATE_METHOD_MATCH = YES;
				COPY_PHASE_STRIP = NO;
				DEBUG_INFORMATION_FORMAT = dwarf;
				ENABLE_STRICT_OBJC_MSGSEND = YES;
				ENABLE_TESTABILITY = YES;
				GCC_C_LANGUAGE_STANDARD = gnu11;
				GCC_DYNAMIC_NO_PIC = NO;
				GCC_NO_COMMON_BLOCKS = YES;
				GCC_OPTIMIZATION_LEVEL = 0;
				GCC_PREPROCESSOR_DEFINITIONS = (
					"DEBUG=1",
					"$(inherited)",
				);
				GCC_WARN_64_TO_32_BIT_CONVERSION = YES;
				GCC_WARN_ABOUT_RETURN_TYPE = YES_ERROR;
				GCC_WARN_UNDECLARED_SELECTOR = YES;
				GCC_WARN_UNINITIALIZED_AUTOS = YES_AGGRESSIVE;
				GCC_WARN_UNUSED_FUNCTION = YES;
				GCC_WARN_UNUSED_VARIABLE = YES;
				IPHONEOS_DEPLOYMENT_TARGET = 15.5;
				MTL_ENABLE_DEBUG_INFO = INCLUDE_SOURCE;
				MTL_FAST_MATH = YES;
				ONLY_ACTIVE_ARCH = YES;
				SDKROOT = iphoneos;
				SWIFT_ACTIVE_COMPILATION_CONDITIONS = DEBUG;
				SWIFT_OPTIMIZATION_LEVEL = "-Onone";
			};
			name = Debug;
		};
		025CABAD28490F19005A43B6 /* Release */ = {
			isa = XCBuildConfiguration;
			buildSettings = {
				ALWAYS_SEARCH_USER_PATHS = NO;
				CLANG_ANALYZER_NONNULL = YES;
				CLANG_ANALYZER_NUMBER_OBJECT_CONVERSION = YES_AGGRESSIVE;
				CLANG_CXX_LANGUAGE_STANDARD = "gnu++17";
				CLANG_ENABLE_MODULES = YES;
				CLANG_ENABLE_OBJC_ARC = YES;
				CLANG_ENABLE_OBJC_WEAK = YES;
				CLANG_WARN_BLOCK_CAPTURE_AUTORELEASING = YES;
				CLANG_WARN_BOOL_CONVERSION = YES;
				CLANG_WARN_COMMA = YES;
				CLANG_WARN_CONSTANT_CONVERSION = YES;
				CLANG_WARN_DEPRECATED_OBJC_IMPLEMENTATIONS = YES;
				CLANG_WARN_DIRECT_OBJC_ISA_USAGE = YES_ERROR;
				CLANG_WARN_DOCUMENTATION_COMMENTS = YES;
				CLANG_WARN_EMPTY_BODY = YES;
				CLANG_WARN_ENUM_CONVERSION = YES;
				CLANG_WARN_INFINITE_RECURSION = YES;
				CLANG_WARN_INT_CONVERSION = YES;
				CLANG_WARN_NON_LITERAL_NULL_CONVERSION = YES;
				CLANG_WARN_OBJC_IMPLICIT_RETAIN_SELF = YES;
				CLANG_WARN_OBJC_LITERAL_CONVERSION = YES;
				CLANG_WARN_OBJC_ROOT_CLASS = YES_ERROR;
				CLANG_WARN_QUOTED_INCLUDE_IN_FRAMEWORK_HEADER = YES;
				CLANG_WARN_RANGE_LOOP_ANALYSIS = YES;
				CLANG_WARN_STRICT_PROTOTYPES = YES;
				CLANG_WARN_SUSPICIOUS_MOVE = YES;
				CLANG_WARN_UNGUARDED_AVAILABILITY = YES_AGGRESSIVE;
				CLANG_WARN_UNREACHABLE_CODE = YES;
				CLANG_WARN__DUPLICATE_METHOD_MATCH = YES;
				COPY_PHASE_STRIP = NO;
				DEBUG_INFORMATION_FORMAT = "dwarf-with-dsym";
				ENABLE_NS_ASSERTIONS = NO;
				ENABLE_STRICT_OBJC_MSGSEND = YES;
				GCC_C_LANGUAGE_STANDARD = gnu11;
				GCC_NO_COMMON_BLOCKS = YES;
				GCC_WARN_64_TO_32_BIT_CONVERSION = YES;
				GCC_WARN_ABOUT_RETURN_TYPE = YES_ERROR;
				GCC_WARN_UNDECLARED_SELECTOR = YES;
				GCC_WARN_UNINITIALIZED_AUTOS = YES_AGGRESSIVE;
				GCC_WARN_UNUSED_FUNCTION = YES;
				GCC_WARN_UNUSED_VARIABLE = YES;
				IPHONEOS_DEPLOYMENT_TARGET = 15.5;
				MTL_ENABLE_DEBUG_INFO = NO;
				MTL_FAST_MATH = YES;
				SDKROOT = iphoneos;
				SWIFT_COMPILATION_MODE = wholemodule;
				SWIFT_OPTIMIZATION_LEVEL = "-O";
				VALIDATE_PRODUCT = YES;
			};
			name = Release;
		};
		025CABAF28490F19005A43B6 /* Debug */ = {
			isa = XCBuildConfiguration;
			baseConfigurationReference = C2EC03E563599569630141C7 /* Pods-SpeechRecognitionNavigationController.debug.xcconfig */;
			buildSettings = {
				ASSETCATALOG_COMPILER_APPICON_NAME = AppIcon;
				ASSETCATALOG_COMPILER_GLOBAL_ACCENT_COLOR_NAME = AccentColor;
				CODE_SIGN_STYLE = Automatic;
				CURRENT_PROJECT_VERSION = 1;
				DEVELOPMENT_TEAM = FAQY25FZ5D;
				GENERATE_INFOPLIST_FILE = YES;
				INFOPLIST_FILE = SpeechRecognitionNavigationController/Info.plist;
				INFOPLIST_KEY_UIApplicationSupportsIndirectInputEvents = YES;
				INFOPLIST_KEY_UILaunchStoryboardName = LaunchScreen;
				INFOPLIST_KEY_UISupportedInterfaceOrientations_iPad = "UIInterfaceOrientationPortrait UIInterfaceOrientationPortraitUpsideDown UIInterfaceOrientationLandscapeLeft UIInterfaceOrientationLandscapeRight";
				INFOPLIST_KEY_UISupportedInterfaceOrientations_iPhone = "UIInterfaceOrientationPortrait UIInterfaceOrientationLandscapeLeft UIInterfaceOrientationLandscapeRight";
				LD_RUNPATH_SEARCH_PATHS = (
					"$(inherited)",
					"@executable_path/Frameworks",
				);
				MARKETING_VERSION = 1.0;
				PRODUCT_BUNDLE_IDENTIFIER = com.kitenko.SpeechRecognitionNavigationController;
				PRODUCT_NAME = "$(TARGET_NAME)";
				SWIFT_EMIT_LOC_STRINGS = YES;
				SWIFT_VERSION = 5.0;
				TARGETED_DEVICE_FAMILY = "1,2";
			};
			name = Debug;
		};
		025CABB028490F19005A43B6 /* Release */ = {
			isa = XCBuildConfiguration;
			baseConfigurationReference = 8238F2E132B7FC501BAD2DA9 /* Pods-SpeechRecognitionNavigationController.release.xcconfig */;
			buildSettings = {
				ASSETCATALOG_COMPILER_APPICON_NAME = AppIcon;
				ASSETCATALOG_COMPILER_GLOBAL_ACCENT_COLOR_NAME = AccentColor;
				CODE_SIGN_STYLE = Automatic;
				CURRENT_PROJECT_VERSION = 1;
				DEVELOPMENT_TEAM = FAQY25FZ5D;
				GENERATE_INFOPLIST_FILE = YES;
				INFOPLIST_FILE = SpeechRecognitionNavigationController/Info.plist;
				INFOPLIST_KEY_UIApplicationSupportsIndirectInputEvents = YES;
				INFOPLIST_KEY_UILaunchStoryboardName = LaunchScreen;
				INFOPLIST_KEY_UISupportedInterfaceOrientations_iPad = "UIInterfaceOrientationPortrait UIInterfaceOrientationPortraitUpsideDown UIInterfaceOrientationLandscapeLeft UIInterfaceOrientationLandscapeRight";
				INFOPLIST_KEY_UISupportedInterfaceOrientations_iPhone = "UIInterfaceOrientationPortrait UIInterfaceOrientationLandscapeLeft UIInterfaceOrientationLandscapeRight";
				LD_RUNPATH_SEARCH_PATHS = (
					"$(inherited)",
					"@executable_path/Frameworks",
				);
				MARKETING_VERSION = 1.0;
				PRODUCT_BUNDLE_IDENTIFIER = com.kitenko.SpeechRecognitionNavigationController;
				PRODUCT_NAME = "$(TARGET_NAME)";
				SWIFT_EMIT_LOC_STRINGS = YES;
				SWIFT_VERSION = 5.0;
				TARGETED_DEVICE_FAMILY = "1,2";
			};
			name = Release;
		};
/* End XCBuildConfiguration section */

/* Begin XCConfigurationList section */
		025CAB9528490F18005A43B6 /* Build configuration list for PBXProject "SpeechRecognitionNavigationController" */ = {
			isa = XCConfigurationList;
			buildConfigurations = (
				025CABAC28490F19005A43B6 /* Debug */,
				025CABAD28490F19005A43B6 /* Release */,
			);
			defaultConfigurationIsVisible = 0;
			defaultConfigurationName = Release;
		};
		025CABAE28490F19005A43B6 /* Build configuration list for PBXNativeTarget "SpeechRecognitionNavigationController" */ = {
			isa = XCConfigurationList;
			buildConfigurations = (
				025CABAF28490F19005A43B6 /* Debug */,
				025CABB028490F19005A43B6 /* Release */,
			);
			defaultConfigurationIsVisible = 0;
			defaultConfigurationName = Release;
		};
/* End XCConfigurationList section */
	};
	rootObject = 025CAB9228490F18005A43B6 /* Project object */;
}
